{
  "nodes": {
    "disko": {
      "inputs": {
        "nixpkgs": [
          "nixpkgs"
        ]
      },
      "locked": {
        "lastModified": 1768923567,
        "narHash": "sha256-GVJ0jKsyXLuBzRMXCDY6D5J8wVdwP1DuQmmvYL/Vw/Q=",
        "owner": "nix-community",
        "repo": "disko",
        "rev": "00395d188e3594a1507f214a2f15d4ce5c07cb28",
        "type": "github"
      },
      "original": {
        "owner": "nix-community",
        "repo": "disko",
        "type": "github"
      }
    },
    "easykubenix": {
      "flake": false,
      "locked": {
        "lastModified": 1768833943,
        "narHash": "sha256-0JBmUnbMrDAo02kiW8F3zXz2yBquLdOK1RZE8sCYnQc=",
        "owner": "lillecarl",
        "repo": "easykubenix",
        "rev": "1cd24badac999c1487ed994464bdaeceed62bc52",
        "type": "github"
      },
      "original": {
        "owner": "lillecarl",
        "repo": "easykubenix",
        "type": "github"
      }
    },
    "flake-compatish": {
      "flake": false,
      "locked": {
        "lastModified": 1771176559,
        "narHash": "sha256-V07a8KsYGj8nvMuBfF7PO88Tzqg3LJjxuIasgR5Mx3o=",
        "owner": "lillecarl",
        "repo": "flake-compatish",
        "rev": "d8c944d4df613d47a3dc7b800c7531c33323c845",
        "type": "github"
      },
      "original": {
        "owner": "lillecarl",
        "repo": "flake-compatish",
        "type": "github"
      }
    },
    "home-manager": {
      "inputs": {
        "nixpkgs": [
          "nixpkgs"
        ]
      },
      "locked": {
        "lastModified": 1769186506,
        "narHash": "sha256-kKziaYwDHRACZM3oWts8pxKPXftptyVCQmd78VzcniU=",
        "owner": "nix-community",
        "repo": "home-manager",
        "rev": "356a88a5746791806e864db80143462b81ce433b",
        "type": "github"
      },
      "original": {
        "owner": "nix-community",
        "ref": "master",
        "repo": "home-manager",
        "type": "github"
      }
    },
    "nix-csi": {
      "flake": false,
      "locked": {
        "lastModified": 1769721803,
        "narHash": "sha256-DjVmFEepjpCoZmb2h5cT29AS7vFtzngAWT6N0gsovwU=",
        "owner": "lillecarl",
        "repo": "nix-csi",
        "rev": "a850de6c315ea1502df7c391b03be3333597a0d4",
        "type": "github"
      },
      "original": {
        "owner": "lillecarl",
        "ref": "develop",
        "repo": "nix-csi",
        "type": "github"
      }
    },
    "nixpkgs": {
      "locked": {
        "lastModified": 1769018530,
        "narHash": "sha256-MJ27Cy2NtBEV5tsK+YraYr2g851f3Fl1LpNHDzDX15c=",
        "owner": "NixOS",
        "repo": "nixpkgs",
        "rev": "88d3861acdd3d2f0e361767018218e51810df8a1",
        "type": "github"
      },
      "original": {
        "owner": "NixOS",
        "ref": "nixos-unstable",
        "repo": "nixpkgs",
        "type": "github"
      }
    },
    "root": {
      "inputs": {
        "disko": "disko",
        "easykubenix": "easykubenix",
        "flake-compatish": "flake-compatish",
        "home-manager": "home-manager",
        "nix-csi": "nix-csi",
        "nixpkgs": "nixpkgs",
        "srvos": "srvos",
        "terranix": "terranix"
      }
    },
    "srvos": {
      "inputs": {
        "nixpkgs": [
          "nixpkgs"
        ]
      },
      "locked": {
        "lastModified": 1769046412,
        "narHash": "sha256-LbjKkSB4Nar9pX+AxHs2FGH2ZAFpKWUvr79uyEhFVqc=",
        "owner": "nix-community",
        "repo": "srvos",
        "rev": "a78abbc16a5352ee848e454c99166c97415fbf39",
        "type": "github"
      },
      "original": {
        "owner": "nix-community",
        "repo": "srvos",
        "type": "github"
      }
    },
    "terranix": {
      "flake": false,
      "locked": {
        "lastModified": 1762472226,
        "narHash": "sha256-iVS4sxVgGn+T74rGJjEJbzx+kjsuaP3wdQVXBNJ79A0=",
        "owner": "terranix",
        "repo": "terranix",
        "rev": "3b5947a48da5694094b301a3b1ef7b22ec8b19fc",
        "type": "github"
      },
      "original": {
        "owner": "terranix",
        "repo": "terranix",
        "type": "github"
      }
    }
  },
  "root": "root",
  "version": 7
}
