{
  "nodes": {
    "disko": {
      "inputs": {
        "nixpkgs": [
          "nixpkgs"
        ]
      },
      "locked": {
        "lastModified": 1768913864,
        "narHash": "sha256-NYh/M3mnVZ0XouM98BJvcpKTarjgBSYqH8bDvkG1cDE=",
        "owner": "nix-community",
        "repo": "disko",
        "rev": "e0bbbb8886d0630402e1a5882134a1a772c91fed",
        "type": "github"
      },
      "original": {
        "owner": "nix-community",
        "repo": "disko",
        "type": "github"
      }
    },
    "easykubenix": {
      "flake": false,
      "locked": {
        "lastModified": 1768833943,
        "narHash": "sha256-0JBmUnbMrDAo02kiW8F3zXz2yBquLdOK1RZE8sCYnQc=",
        "owner": "lillecarl",
        "repo": "easykubenix",
        "rev": "1cd24badac999c1487ed994464bdaeceed62bc52",
        "type": "github"
      },
      "original": {
        "owner": "lillecarl",
        "repo": "easykubenix",
        "type": "github"
      }
    },
    "flake-compatish": {
      "flake": false,
      "locked": {
        "lastModified": 1768889023,
        "narHash": "sha256-g1gcagOt283Mv51FSAy8YCPWosMjsW+icP4Vrt5/3jY=",
        "owner": "lillecarl",
        "repo": "flake-compatish",
        "rev": "c3accc4dfe4ae0b1311ae61d8d5431c87b5dcd84",
        "type": "github"
      },
      "original": {
        "owner": "lillecarl",
        "repo": "flake-compatish",
        "type": "github"
      }
    },
    "home-manager": {
      "inputs": {
        "nixpkgs": [
          "nixpkgs"
        ]
      },
      "locked": {
        "lastModified": 1768912518,
        "narHash": "sha256-FJlof1jnbLIT5RbKxef/NV6RzcOj1GoMzXE4FcBFg5Y=",
        "owner": "nix-community",
        "repo": "home-manager",
        "rev": "9c5f8aceb6ef620e881f50fe65cb4a2c6b1e8527",
        "type": "github"
      },
      "original": {
        "owner": "nix-community",
        "ref": "master",
        "repo": "home-manager",
        "type": "github"
      }
    },
    "nix-csi": {
      "flake": false,
      "locked": {
        "lastModified": 1767191827,
        "narHash": "sha256-JnNenq6GDkwLUbIz1naOC6Lu7pz7vF9xp4k7cErilIA=",
        "owner": "lillecarl",
        "repo": "nix-csi",
        "rev": "ec7419c6ceec939a9b18ed44d2cc9282ab216a8e",
        "type": "github"
      },
      "original": {
        "owner": "lillecarl",
        "repo": "nix-csi",
        "type": "github"
      }
    },
    "nixpkgs": {
      "locked": {
        "lastModified": 1768564909,
        "narHash": "sha256-Kell/SpJYVkHWMvnhqJz/8DqQg2b6PguxVWOuadbHCc=",
        "owner": "NixOS",
        "repo": "nixpkgs",
        "rev": "e4bae1bd10c9c57b2cf517953ab70060a828ee6f",
        "type": "github"
      },
      "original": {
        "owner": "NixOS",
        "ref": "nixos-unstable",
        "repo": "nixpkgs",
        "type": "github"
      }
    },
    "root": {
      "inputs": {
        "disko": "disko",
        "easykubenix": "easykubenix",
        "flake-compatish": "flake-compatish",
        "home-manager": "home-manager",
        "nix-csi": "nix-csi",
        "nixpkgs": "nixpkgs",
        "srvos": "srvos",
        "terranix": "terranix"
      }
    },
    "srvos": {
      "inputs": {
        "nixpkgs": [
          "nixpkgs"
        ]
      },
      "locked": {
        "lastModified": 1768787308,
        "narHash": "sha256-APjg428/Z6m6iPBgSrwOSYiN0lvidsprqeNoM1t3/YE=",
        "owner": "nix-community",
        "repo": "srvos",
        "rev": "da43b223b02bc097aa23543bf7e26e53435f46b0",
        "type": "github"
      },
      "original": {
        "owner": "nix-community",
        "repo": "srvos",
        "type": "github"
      }
    },
    "terranix": {
      "flake": false,
      "locked": {
        "lastModified": 1762472226,
        "narHash": "sha256-iVS4sxVgGn+T74rGJjEJbzx+kjsuaP3wdQVXBNJ79A0=",
        "owner": "terranix",
        "repo": "terranix",
        "rev": "3b5947a48da5694094b301a3b1ef7b22ec8b19fc",
        "type": "github"
      },
      "original": {
        "owner": "terranix",
        "repo": "terranix",
        "type": "github"
      }
    }
  },
  "root": "root",
  "version": 7
}
